
Microsoft Visual Studio Solution File, Format Version 10.00
# Visual C++ Express 2008
Project("{8BC9CEB8-8B4A-11D0-8D11-00A0C91BC942}") = "Balanced_Brackets", "Balanced_Brackets\Balanced_Brackets.vcproj", "{092B366B-CB5C-4073-911D-30F49C289238}"
EndProject
Global
	GlobalSection(SolutionConfigurationPlatforms) = preSolution
		Debug|Win32 = Debug|Win32
		Release|Win32 = Release|Win32
	EndGlobalSection
	GlobalSection(ProjectConfigurationPlatforms) = postSolution
		{092B366B-CB5C-4073-911D-30F49C289238}.Debug|Win32.ActiveCfg = Debug|Win32
		{092B366B-CB5C-4073-911D-30F49C289238}.Debug|Win32.Build.0 = Debug|Win32
		{092B366B-CB5C-4073-911D-30F49C289238}.Release|Win32.ActiveCfg = Release|Win32
		{092B366B-CB5C-4073-911D-30F49C289238}.Release|Win32.Build.0 = Release|Win32
	EndGlobalSection
	GlobalSection(SolutionProperties) = preSolution
		HideSolutionNode = FALSE
	EndGlobalSection
EndGlobal
